
Microsoft Visual Studio Solution File, Format Version 12.00
# Visual Studio Version 17
VisualStudioVersion = 17.0.31903.59
MinimumVisualStudioVersion = 10.0.40219.1
Project("{FAE04EC0-301F-11D3-BF4B-00C04F79EFBC}") = "PilatesStudio.Domain", "PilatesStudio.Domain\PilatesStudio.Domain.csproj", "{2319E2E5-87E7-4632-AA9F-0B721483870F}"
EndProject
Project("{2150E333-8FDC-42A3-9474-1A3956D46DE8}") = "MVC", "MVC", "{CB69B98E-96E7-C360-5784-DBE29CFD4E36}"
EndProject
Project("{FAE04EC0-301F-11D3-BF4B-00C04F79EFBC}") = "PilatesStudio.Domain", "MVC\PilatesStudio.Domain\PilatesStudio.Domain.csproj", "{B600DCFA-AF20-4F58-87F6-C08FCF207516}"
EndProject
Global
	GlobalSection(SolutionConfigurationPlatforms) = preSolution
		Debug|Any CPU = Debug|Any CPU
		Debug|x64 = Debug|x64
		Debug|x86 = Debug|x86
		Release|Any CPU = Release|Any CPU
		Release|x64 = Release|x64
		Release|x86 = Release|x86
	EndGlobalSection
	GlobalSection(ProjectConfigurationPlatforms) = postSolution
		{2319E2E5-87E7-4632-AA9F-0B721483870F}.Debug|Any CPU.ActiveCfg = Debug|Any CPU
		{2319E2E5-87E7-4632-AA9F-0B721483870F}.Debug|Any CPU.Build.0 = Debug|Any CPU
		{2319E2E5-87E7-4632-AA9F-0B721483870F}.Debug|x64.ActiveCfg = Debug|Any CPU
		{2319E2E5-87E7-4632-AA9F-0B721483870F}.Debug|x64.Build.0 = Debug|Any CPU
		{2319E2E5-87E7-4632-AA9F-0B721483870F}.Debug|x86.ActiveCfg = Debug|Any CPU
		{2319E2E5-87E7-4632-AA9F-0B721483870F}.Debug|x86.Build.0 = Debug|Any CPU
		{2319E2E5-87E7-4632-AA9F-0B721483870F}.Release|Any CPU.ActiveCfg = Release|Any CPU
		{2319E2E5-87E7-4632-AA9F-0B721483870F}.Release|Any CPU.Build.0 = Release|Any CPU
		{2319E2E5-87E7-4632-AA9F-0B721483870F}.Release|x64.ActiveCfg = Release|Any CPU
		{2319E2E5-87E7-4632-AA9F-0B721483870F}.Release|x64.Build.0 = Release|Any CPU
		{2319E2E5-87E7-4632-AA9F-0B721483870F}.Release|x86.ActiveCfg = Release|Any CPU
		{2319E2E5-87E7-4632-AA9F-0B721483870F}.Release|x86.Build.0 = Release|Any CPU
		{B600DCFA-AF20-4F58-87F6-C08FCF207516}.Debug|Any CPU.ActiveCfg = Debug|Any CPU
		{B600DCFA-AF20-4F58-87F6-C08FCF207516}.Debug|Any CPU.Build.0 = Debug|Any CPU
		{B600DCFA-AF20-4F58-87F6-C08FCF207516}.Debug|x64.ActiveCfg = Debug|Any CPU
		{B600DCFA-AF20-4F58-87F6-C08FCF207516}.Debug|x64.Build.0 = Debug|Any CPU
		{B600DCFA-AF20-4F58-87F6-C08FCF207516}.Debug|x86.ActiveCfg = Debug|Any CPU
		{B600DCFA-AF20-4F58-87F6-C08FCF207516}.Debug|x86.Build.0 = Debug|Any CPU
		{B600DCFA-AF20-4F58-87F6-C08FCF207516}.Release|Any CPU.ActiveCfg = Release|Any CPU
		{B600DCFA-AF20-4F58-87F6-C08FCF207516}.Release|Any CPU.Build.0 = Release|Any CPU
		{B600DCFA-AF20-4F58-87F6-C08FCF207516}.Release|x64.ActiveCfg = Release|Any CPU
		{B600DCFA-AF20-4F58-87F6-C08FCF207516}.Release|x64.Build.0 = Release|Any CPU
		{B600DCFA-AF20-4F58-87F6-C08FCF207516}.Release|x86.ActiveCfg = Release|Any CPU
		{B600DCFA-AF20-4F58-87F6-C08FCF207516}.Release|x86.Build.0 = Release|Any CPU
	EndGlobalSection
	GlobalSection(SolutionProperties) = preSolution
		HideSolutionNode = FALSE
	EndGlobalSection
	GlobalSection(NestedProjects) = preSolution
		{B600DCFA-AF20-4F58-87F6-C08FCF207516} = {CB69B98E-96E7-C360-5784-DBE29CFD4E36}
	EndGlobalSection
EndGlobal
